
Microsoft Visual Studio Solution File, Format Version 12.00
# Visual Studio 15
VisualStudioVersion = 15.0.28010.2050
MinimumVisualStudioVersion = 10.0.40219.1
Project("{FAE04EC0-301F-11D3-BF4B-00C04F79EFBC}") = "แบบฝึกหัด1", "แบบฝึกหัด1\แบบฝึกหัด1.csproj", "{3AAAB3E1-499B-48FC-A2CA-0F79F1E0FB47}"
EndProject
Global
	GlobalSection(SolutionConfigurationPlatforms) = preSolution
		Debug|Any CPU = Debug|Any CPU
		Release|Any CPU = Release|Any CPU
	EndGlobalSection
	GlobalSection(ProjectConfigurationPlatforms) = postSolution
		{3AAAB3E1-499B-48FC-A2CA-0F79F1E0FB47}.Debug|Any CPU.ActiveCfg = Debug|Any CPU
		{3AAAB3E1-499B-48FC-A2CA-0F79F1E0FB47}.Debug|Any CPU.Build.0 = Debug|Any CPU
		{3AAAB3E1-499B-48FC-A2CA-0F79F1E0FB47}.Release|Any CPU.ActiveCfg = Release|Any CPU
		{3AAAB3E1-499B-48FC-A2CA-0F79F1E0FB47}.Release|Any CPU.Build.0 = Release|Any CPU
	EndGlobalSection
	GlobalSection(SolutionProperties) = preSolution
		HideSolutionNode = FALSE
	EndGlobalSection
	GlobalSection(ExtensibilityGlobals) = postSolution
		SolutionGuid = {4B82C560-67ED-4F95-87AB-8FFA8E44899D}
	EndGlobalSection
EndGlobal
